
Microsoft Visual Studio Solution File, Format Version 12.00
# Visual Studio 15
VisualStudioVersion = 15.0.28307.1062
MinimumVisualStudioVersion = 10.0.40219.1
Project("{8BC9CEB8-8B4A-11D0-8D11-00A0C91BC942}") = "NgrayScale", "NgrayScale\NgrayScale.vcxproj", "{C18D48F2-806D-49BA-AEAF-648AB82CAE53}"
EndProject
Global
	GlobalSection(SolutionConfigurationPlatforms) = preSolution
		Debug|x64 = Debug|x64
		Debug|x86 = Debug|x86
		Release|x64 = Release|x64
		Release|x86 = Release|x86
	EndGlobalSection
	GlobalSection(ProjectConfigurationPlatforms) = postSolution
		{C18D48F2-806D-49BA-AEAF-648AB82CAE53}.Debug|x64.ActiveCfg = Debug|x64
		{C18D48F2-806D-49BA-AEAF-648AB82CAE53}.Debug|x64.Build.0 = Debug|x64
		{C18D48F2-806D-49BA-AEAF-648AB82CAE53}.Debug|x86.ActiveCfg = Debug|Win32
		{C18D48F2-806D-49BA-AEAF-648AB82CAE53}.Debug|x86.Build.0 = Debug|Win32
		{C18D48F2-806D-49BA-AEAF-648AB82CAE53}.Release|x64.ActiveCfg = Release|x64
		{C18D48F2-806D-49BA-AEAF-648AB82CAE53}.Release|x64.Build.0 = Release|x64
		{C18D48F2-806D-49BA-AEAF-648AB82CAE53}.Release|x86.ActiveCfg = Release|Win32
		{C18D48F2-806D-49BA-AEAF-648AB82CAE53}.Release|x86.Build.0 = Release|Win32
	EndGlobalSection
	GlobalSection(SolutionProperties) = preSolution
		HideSolutionNode = FALSE
	EndGlobalSection
	GlobalSection(ExtensibilityGlobals) = postSolution
		SolutionGuid = {519761FF-A61A-4B93-BAB1-C5306D3E38D8}
	EndGlobalSection
EndGlobal
